
Microsoft Visual Studio Solution File, Format Version 12.00
# Visual Studio Version 17
VisualStudioVersion = 17.0.31717.71
MinimumVisualStudioVersion = 10.0.40219.1
Project("{2150E333-8FDC-42A3-9474-1A3956D46DE8}") = "Reference", "Reference", "{7EA945F3-D5D6-4996-91D7-FA30C2E4A2FC}"
	ProjectSection(SolutionItems) = preProject
		Reference\Icons\014_-_Lathe-512.ico = Reference\Icons\014_-_Lathe-512.ico
		Reference\Icons\307-3078351_certificate-icon-png-transparent-png.ico = Reference\Icons\307-3078351_certificate-icon-png-transparent-png.ico
		Reference\Assembly-CSharp-firstpass.dll = Reference\Assembly-CSharp-firstpass.dll
		Reference\Assembly-CSharp.dll = Reference\Assembly-CSharp.dll
		Reference\SerialPort.dll = Reference\SerialPort.dll
		Reference\UnityEngine.CoreModule.dll = Reference\UnityEngine.CoreModule.dll
		Reference\UnityEngine.dll = Reference\UnityEngine.dll
		Reference\UnityEngine.UI.dll = Reference\UnityEngine.UI.dll
		Reference\Icons\wrench-icon.ico = Reference\Icons\wrench-icon.ico
	EndProjectSection
EndProject
Project("{2150E333-8FDC-42A3-9474-1A3956D46DE8}") = "Libraries", "Libraries", "{960AC963-E95D-4FC7-98D2-58093CD260C9}"
EndProject
Project("{2150E333-8FDC-42A3-9474-1A3956D46DE8}") = "Testing", "Testing", "{70736A8E-AC86-44D0-A41C-0E5CAA83908A}"
EndProject
Project("{8BC9CEB8-8B4A-11D0-8D11-00A0C91BC942}") = "Nars Arduino Libraries", "Libraries\Nars-Arduino-Libraries\Nars-Arduino-Libraries.vcxitems", "{09CE6CB0-5E27-47B4-925E-9B7B93668DAB}"
EndProject
Project("{FAE04EC0-301F-11D3-BF4B-00C04F79EFBC}") = "Nars Libraries Framework45", "Libraries\Nars-Libraries-Framework45\Nars Libraries Framework45.csproj", "{E893402D-B556-4488-85B4-6237EE8ADF61}"
EndProject
Project("{FAE04EC0-301F-11D3-BF4B-00C04F79EFBC}") = "Nars Libraries Framework48", "Libraries\Nars-Libraries-Framework48\Nars Libraries Framework48.csproj", "{88BCD96E-3167-4015-8764-F296C8076EE0}"
EndProject
Project("{8BC9CEB8-8B4A-11D0-8D11-00A0C91BC942}") = "Empty Arduino", "Reference\Empty Arduino\Empty Arduino.vcxproj", "{C5F80730-F44F-4478-BDAE-6634EFC2CA88}"
EndProject
Project("{8BC9CEB8-8B4A-11D0-8D11-00A0C91BC942}") = "Empty C++", "Reference\Empty C++\Empty C++.vcxproj", "{4B504505-4E7A-4B16-AEB8-DDED8D81916B}"
EndProject
Project("{888888A0-9F3D-457C-B088-3A5042F75D52}") = "Nars Python Libraries3.9", "Libraries\Nars-Python-Libraries\Nars Python Libraries3.9.pyproj", "{0CF8C052-AEE4-4D13-8FDB-BC92A3FA3CDE}"
EndProject
Project("{2150E333-8FDC-42A3-9474-1A3956D46DE8}") = "Solution Items", "Solution Items", "{F15CC078-B1DA-40FA-B170-F3A8D05A0AA9}"
	ProjectSection(SolutionItems) = preProject
		Notes.txt = Notes.txt
	EndProjectSection
EndProject
Project("{8BC9CEB8-8B4A-11D0-8D11-00A0C91BC942}") = "Arduino Library Tests", "Testing\Arduino Library Tests\Arduino Library Tests.vcxproj", "{9555BD08-D438-46C9-90DB-651CA8668D68}"
EndProject
Project("{8BC9CEB8-8B4A-11D0-8D11-00A0C91BC942}") = "LiquidCrystal_I2C-1.1.2", "E:\Users\sandr\Documents\Arduino\libraries\LiquidCrystal_I2C\LiquidCrystal_I2C-1.1.2.vcxitems", "{776A8B83-8421-4B9E-8550-ADF7FAC95749}"
EndProject
Project("{8BC9CEB8-8B4A-11D0-8D11-00A0C91BC942}") = "Wire-1.0", "E:\Program Files (x86)\Arduino\hardware\arduino\avr\libraries\Wire\Wire-1.0.vcxitems", "{8A50F6F4-12CB-4520-8591-44974DE484A5}"
EndProject
Project("{8BC9CEB8-8B4A-11D0-8D11-00A0C91BC942}") = "C++ Library Tests", "Testing\C++ Library Tests\C++ Library Tests.vcxproj", "{6D2856A6-3678-4327-948D-F170915591DF}"
EndProject
Project("{FAE04EC0-301F-11D3-BF4B-00C04F79EFBC}") = "Framework 48 Library Tests", "Testing\Framework 48 Library Tests\Framework 48 Library Tests.csproj", "{426EF248-BFBC-498E-A944-E7660A4C499B}"
EndProject
Project("{8BC9CEB8-8B4A-11D0-8D11-00A0C91BC942}") = "Nars C++ Shared Libraries", "Libraries\Nars-C++-Shared-Libraries\Nars-C++-Shared-Libraries.vcxitems", "{F44C4BC6-596B-4905-8CFD-9978AA1072A7}"
EndProject
Project("{8BC9CEB8-8B4A-11D0-8D11-00A0C91BC942}") = "ButtonDebounce-1.0.1", "E:\Users\sandr\Documents\Arduino\libraries\ButtonDebounce\ButtonDebounce-1.0.1.vcxitems", "{0A77EB27-1C8A-4B58-9968-CEA3ACCAAB3C}"
EndProject
Project("{2150E333-8FDC-42A3-9474-1A3956D46DE8}") = "Examples", "Examples", "{489EE24B-56B3-4D5D-A65F-3319D0F9E164}"
EndProject
Project("{2150E333-8FDC-42A3-9474-1A3956D46DE8}") = "Arduino Examples", "Arduino Examples", "{7A4FF9ED-09A3-4064-A162-E2688B7C3359}"
EndProject
Project("{8BC9CEB8-8B4A-11D0-8D11-00A0C91BC942}") = "PushToggle", "Examples\Arduino Examples\PushToggle\PushToggle.vcxproj", "{193A672E-94EB-4B77-83B7-42D8EA16E853}"
EndProject
Project("{8BC9CEB8-8B4A-11D0-8D11-00A0C91BC942}") = "Nars-Arduino-Libraries-1.0.2", "E:\Users\sandr\Documents\Arduino\libraries\Nars-Arduino-Libraries\Nars-Arduino-Libraries-1.0.2.vcxitems", "{811AF10E-17BB-4C85-A86D-1898718DA37F}"
EndProject
Project("{8BC9CEB8-8B4A-11D0-8D11-00A0C91BC942}") = "SerialCom", "Examples\Arduino Examples\SerialCom\SerialCom.vcxproj", "{CB9D0AA4-D3F8-4A0C-A9F0-5C09A5407907}"
EndProject
Project("{2150E333-8FDC-42A3-9474-1A3956D46DE8}") = "Arduino Libraries Test Folder", "Arduino Libraries Test Folder", "{461E1F64-4B28-40BD-9A8F-2E41DECC2582}"
EndProject
Project("{2150E333-8FDC-42A3-9474-1A3956D46DE8}") = "C++ Libraries Test Folder", "C++ Libraries Test Folder", "{AFC27454-73C4-49CC-8C42-14D90C7705CE}"
EndProject
Project("{2150E333-8FDC-42A3-9474-1A3956D46DE8}") = ".NET Libraries Test Folder", ".NET Libraries Test Folder", "{439A4730-B9DD-4D36-90C1-9CB7CE5DE23F}"
EndProject
Project("{2150E333-8FDC-42A3-9474-1A3956D46DE8}") = "Framework 4,8", "Framework 4,8", "{F4554A4F-9291-4EB2-A727-EACFA7BF24BC}"
EndProject
Project("{2150E333-8FDC-42A3-9474-1A3956D46DE8}") = "Framework 4,5", "Framework 4,5", "{9502D1CC-E1A4-470F-A6A1-BA3EFFA055CB}"
EndProject
Project("{2150E333-8FDC-42A3-9474-1A3956D46DE8}") = "Python Libraries Test Folder", "Python Libraries Test Folder", "{9C1520CC-21A0-400A-83FD-0D9940184B84}"
EndProject
Global
	GlobalSection(SharedMSBuildProjectFiles) = preSolution
		Libraries\Nars-Arduino-Libraries\Nars-Arduino-Libraries.vcxitems*{09ce6cb0-5e27-47b4-925e-9b7b93668dab}*SharedItemsImports = 9
		E:\Users\sandr\Documents\Arduino\libraries\ButtonDebounce\ButtonDebounce-1.0.1.vcxitems*{0a77eb27-1c8a-4b58-9968-cea3accaab3c}*SharedItemsImports = 9
		E:\Users\sandr\Documents\Arduino\libraries\Nars-Arduino-Libraries\Nars-Arduino-Libraries-1.0.2.vcxitems*{193a672e-94eb-4b77-83b7-42d8ea16e853}*SharedItemsImports = 4
		Libraries\Nars-C++-Shared-Libraries\Nars-C++-Shared-Libraries.vcxitems*{6d2856a6-3678-4327-948d-f170915591df}*SharedItemsImports = 4
		E:\Users\sandr\Documents\Arduino\libraries\LiquidCrystal_I2C\LiquidCrystal_I2C-1.1.2.vcxitems*{776a8b83-8421-4b9e-8550-adf7fac95749}*SharedItemsImports = 9
		E:\Users\sandr\Documents\Arduino\libraries\Nars-Arduino-Libraries\Nars-Arduino-Libraries-1.0.2.vcxitems*{811af10e-17bb-4c85-a86d-1898718da37f}*SharedItemsImports = 9
		E:\Program Files (x86)\Arduino\hardware\arduino\avr\libraries\Wire\Wire-1.0.vcxitems*{8a50f6f4-12cb-4520-8591-44974de484a5}*SharedItemsImports = 9
		Libraries\Nars-Arduino-Libraries\Nars-Arduino-Libraries.vcxitems*{9555bd08-d438-46c9-90db-651ca8668d68}*SharedItemsImports = 4
		E:\Program Files (x86)\Arduino\hardware\arduino\avr\libraries\Wire\Wire-1.0.vcxitems*{9555bd08-d438-46c9-90db-651ca8668d68}*SharedItemsImports = 4
		E:\Users\sandr\Documents\Arduino\libraries\ButtonDebounce\ButtonDebounce-1.0.1.vcxitems*{9555bd08-d438-46c9-90db-651ca8668d68}*SharedItemsImports = 4
		E:\Users\sandr\Documents\Arduino\libraries\LiquidCrystal_I2C\LiquidCrystal_I2C-1.1.2.vcxitems*{9555bd08-d438-46c9-90db-651ca8668d68}*SharedItemsImports = 4
		Libraries\Nars-Arduino-Libraries\Nars-Arduino-Libraries.vcxitems*{c5f80730-f44f-4478-bdae-6634efc2ca88}*SharedItemsImports = 4
		E:\Users\sandr\Documents\Arduino\libraries\Nars-Arduino-Libraries\Nars-Arduino-Libraries-1.0.2.vcxitems*{cb9d0aa4-d3f8-4a0c-a9f0-5c09a5407907}*SharedItemsImports = 4
		Libraries\Nars-C++-Shared-Libraries\Nars-C++-Shared-Libraries.vcxitems*{f44c4bc6-596b-4905-8cfd-9978aa1072a7}*SharedItemsImports = 9
	EndGlobalSection
	GlobalSection(SolutionConfigurationPlatforms) = preSolution
		Debug|Any CPU = Debug|Any CPU
		Debug|x64 = Debug|x64
		Debug|x86 = Debug|x86
		Release|Any CPU = Release|Any CPU
		Release|x64 = Release|x64
		Release|x86 = Release|x86
	EndGlobalSection
	GlobalSection(ProjectConfigurationPlatforms) = postSolution
		{E893402D-B556-4488-85B4-6237EE8ADF61}.Debug|Any CPU.ActiveCfg = Debug|Any CPU
		{E893402D-B556-4488-85B4-6237EE8ADF61}.Debug|Any CPU.Build.0 = Debug|Any CPU
		{E893402D-B556-4488-85B4-6237EE8ADF61}.Debug|x64.ActiveCfg = Debug|Any CPU
		{E893402D-B556-4488-85B4-6237EE8ADF61}.Debug|x64.Build.0 = Debug|Any CPU
		{E893402D-B556-4488-85B4-6237EE8ADF61}.Debug|x86.ActiveCfg = Debug|Any CPU
		{E893402D-B556-4488-85B4-6237EE8ADF61}.Debug|x86.Build.0 = Debug|Any CPU
		{E893402D-B556-4488-85B4-6237EE8ADF61}.Release|Any CPU.ActiveCfg = Release|Any CPU
		{E893402D-B556-4488-85B4-6237EE8ADF61}.Release|Any CPU.Build.0 = Release|Any CPU
		{E893402D-B556-4488-85B4-6237EE8ADF61}.Release|x64.ActiveCfg = Release|Any CPU
		{E893402D-B556-4488-85B4-6237EE8ADF61}.Release|x64.Build.0 = Release|Any CPU
		{E893402D-B556-4488-85B4-6237EE8ADF61}.Release|x86.ActiveCfg = Release|Any CPU
		{E893402D-B556-4488-85B4-6237EE8ADF61}.Release|x86.Build.0 = Release|Any CPU
		{88BCD96E-3167-4015-8764-F296C8076EE0}.Debug|Any CPU.ActiveCfg = Debug|Any CPU
		{88BCD96E-3167-4015-8764-F296C8076EE0}.Debug|Any CPU.Build.0 = Debug|Any CPU
		{88BCD96E-3167-4015-8764-F296C8076EE0}.Debug|x64.ActiveCfg = Debug|Any CPU
		{88BCD96E-3167-4015-8764-F296C8076EE0}.Debug|x64.Build.0 = Debug|Any CPU
		{88BCD96E-3167-4015-8764-F296C8076EE0}.Debug|x86.ActiveCfg = Debug|Any CPU
		{88BCD96E-3167-4015-8764-F296C8076EE0}.Debug|x86.Build.0 = Debug|Any CPU
		{88BCD96E-3167-4015-8764-F296C8076EE0}.Release|Any CPU.ActiveCfg = Release|Any CPU
		{88BCD96E-3167-4015-8764-F296C8076EE0}.Release|Any CPU.Build.0 = Release|Any CPU
		{88BCD96E-3167-4015-8764-F296C8076EE0}.Release|x64.ActiveCfg = Release|Any CPU
		{88BCD96E-3167-4015-8764-F296C8076EE0}.Release|x64.Build.0 = Release|Any CPU
		{88BCD96E-3167-4015-8764-F296C8076EE0}.Release|x86.ActiveCfg = Release|Any CPU
		{88BCD96E-3167-4015-8764-F296C8076EE0}.Release|x86.Build.0 = Release|Any CPU
		{C5F80730-F44F-4478-BDAE-6634EFC2CA88}.Debug|Any CPU.ActiveCfg = Debug|Win32
		{C5F80730-F44F-4478-BDAE-6634EFC2CA88}.Debug|x64.ActiveCfg = Debug|Win32
		{C5F80730-F44F-4478-BDAE-6634EFC2CA88}.Debug|x86.ActiveCfg = Debug|Win32
		{C5F80730-F44F-4478-BDAE-6634EFC2CA88}.Debug|x86.Build.0 = Debug|Win32
		{C5F80730-F44F-4478-BDAE-6634EFC2CA88}.Release|Any CPU.ActiveCfg = Release|Win32
		{C5F80730-F44F-4478-BDAE-6634EFC2CA88}.Release|x64.ActiveCfg = Release|Win32
		{C5F80730-F44F-4478-BDAE-6634EFC2CA88}.Release|x86.ActiveCfg = Release|Win32
		{C5F80730-F44F-4478-BDAE-6634EFC2CA88}.Release|x86.Build.0 = Release|Win32
		{4B504505-4E7A-4B16-AEB8-DDED8D81916B}.Debug|Any CPU.ActiveCfg = Debug|Win32
		{4B504505-4E7A-4B16-AEB8-DDED8D81916B}.Debug|x64.ActiveCfg = Debug|x64
		{4B504505-4E7A-4B16-AEB8-DDED8D81916B}.Debug|x64.Build.0 = Debug|x64
		{4B504505-4E7A-4B16-AEB8-DDED8D81916B}.Debug|x86.ActiveCfg = Debug|Win32
		{4B504505-4E7A-4B16-AEB8-DDED8D81916B}.Debug|x86.Build.0 = Debug|Win32
		{4B504505-4E7A-4B16-AEB8-DDED8D81916B}.Release|Any CPU.ActiveCfg = Release|Win32
		{4B504505-4E7A-4B16-AEB8-DDED8D81916B}.Release|x64.ActiveCfg = Release|x64
		{4B504505-4E7A-4B16-AEB8-DDED8D81916B}.Release|x64.Build.0 = Release|x64
		{4B504505-4E7A-4B16-AEB8-DDED8D81916B}.Release|x86.ActiveCfg = Release|Win32
		{4B504505-4E7A-4B16-AEB8-DDED8D81916B}.Release|x86.Build.0 = Release|Win32
		{0CF8C052-AEE4-4D13-8FDB-BC92A3FA3CDE}.Debug|Any CPU.ActiveCfg = Debug|Any CPU
		{0CF8C052-AEE4-4D13-8FDB-BC92A3FA3CDE}.Debug|x64.ActiveCfg = Debug|Any CPU
		{0CF8C052-AEE4-4D13-8FDB-BC92A3FA3CDE}.Debug|x86.ActiveCfg = Debug|Any CPU
		{0CF8C052-AEE4-4D13-8FDB-BC92A3FA3CDE}.Release|Any CPU.ActiveCfg = Release|Any CPU
		{0CF8C052-AEE4-4D13-8FDB-BC92A3FA3CDE}.Release|x64.ActiveCfg = Release|Any CPU
		{0CF8C052-AEE4-4D13-8FDB-BC92A3FA3CDE}.Release|x86.ActiveCfg = Release|Any CPU
		{9555BD08-D438-46C9-90DB-651CA8668D68}.Debug|Any CPU.ActiveCfg = Debug|Win32
		{9555BD08-D438-46C9-90DB-651CA8668D68}.Debug|x64.ActiveCfg = Debug|Win32
		{9555BD08-D438-46C9-90DB-651CA8668D68}.Debug|x86.ActiveCfg = Debug|Win32
		{9555BD08-D438-46C9-90DB-651CA8668D68}.Debug|x86.Build.0 = Debug|Win32
		{9555BD08-D438-46C9-90DB-651CA8668D68}.Release|Any CPU.ActiveCfg = Release|Win32
		{9555BD08-D438-46C9-90DB-651CA8668D68}.Release|x64.ActiveCfg = Release|Win32
		{9555BD08-D438-46C9-90DB-651CA8668D68}.Release|x86.ActiveCfg = Release|Win32
		{9555BD08-D438-46C9-90DB-651CA8668D68}.Release|x86.Build.0 = Release|Win32
		{6D2856A6-3678-4327-948D-F170915591DF}.Debug|Any CPU.ActiveCfg = Debug|Win32
		{6D2856A6-3678-4327-948D-F170915591DF}.Debug|x64.ActiveCfg = Debug|x64
		{6D2856A6-3678-4327-948D-F170915591DF}.Debug|x64.Build.0 = Debug|x64
		{6D2856A6-3678-4327-948D-F170915591DF}.Debug|x86.ActiveCfg = Debug|Win32
		{6D2856A6-3678-4327-948D-F170915591DF}.Debug|x86.Build.0 = Debug|Win32
		{6D2856A6-3678-4327-948D-F170915591DF}.Release|Any CPU.ActiveCfg = Release|Win32
		{6D2856A6-3678-4327-948D-F170915591DF}.Release|x64.ActiveCfg = Release|x64
		{6D2856A6-3678-4327-948D-F170915591DF}.Release|x64.Build.0 = Release|x64
		{6D2856A6-3678-4327-948D-F170915591DF}.Release|x86.ActiveCfg = Release|Win32
		{6D2856A6-3678-4327-948D-F170915591DF}.Release|x86.Build.0 = Release|Win32
		{426EF248-BFBC-498E-A944-E7660A4C499B}.Debug|Any CPU.ActiveCfg = Debug|Any CPU
		{426EF248-BFBC-498E-A944-E7660A4C499B}.Debug|Any CPU.Build.0 = Debug|Any CPU
		{426EF248-BFBC-498E-A944-E7660A4C499B}.Debug|x64.ActiveCfg = Debug|Any CPU
		{426EF248-BFBC-498E-A944-E7660A4C499B}.Debug|x64.Build.0 = Debug|Any CPU
		{426EF248-BFBC-498E-A944-E7660A4C499B}.Debug|x86.ActiveCfg = Debug|Any CPU
		{426EF248-BFBC-498E-A944-E7660A4C499B}.Debug|x86.Build.0 = Debug|Any CPU
		{426EF248-BFBC-498E-A944-E7660A4C499B}.Release|Any CPU.ActiveCfg = Release|Any CPU
		{426EF248-BFBC-498E-A944-E7660A4C499B}.Release|Any CPU.Build.0 = Release|Any CPU
		{426EF248-BFBC-498E-A944-E7660A4C499B}.Release|x64.ActiveCfg = Release|Any CPU
		{426EF248-BFBC-498E-A944-E7660A4C499B}.Release|x64.Build.0 = Release|Any CPU
		{426EF248-BFBC-498E-A944-E7660A4C499B}.Release|x86.ActiveCfg = Release|Any CPU
		{426EF248-BFBC-498E-A944-E7660A4C499B}.Release|x86.Build.0 = Release|Any CPU
		{193A672E-94EB-4B77-83B7-42D8EA16E853}.Debug|Any CPU.ActiveCfg = Debug|Win32
		{193A672E-94EB-4B77-83B7-42D8EA16E853}.Debug|Any CPU.Build.0 = Debug|Win32
		{193A672E-94EB-4B77-83B7-42D8EA16E853}.Debug|x64.ActiveCfg = Debug|Win32
		{193A672E-94EB-4B77-83B7-42D8EA16E853}.Debug|x64.Build.0 = Debug|Win32
		{193A672E-94EB-4B77-83B7-42D8EA16E853}.Debug|x86.ActiveCfg = Debug|Win32
		{193A672E-94EB-4B77-83B7-42D8EA16E853}.Debug|x86.Build.0 = Debug|Win32
		{193A672E-94EB-4B77-83B7-42D8EA16E853}.Release|Any CPU.ActiveCfg = Release|Win32
		{193A672E-94EB-4B77-83B7-42D8EA16E853}.Release|Any CPU.Build.0 = Release|Win32
		{193A672E-94EB-4B77-83B7-42D8EA16E853}.Release|x64.ActiveCfg = Release|Win32
		{193A672E-94EB-4B77-83B7-42D8EA16E853}.Release|x64.Build.0 = Release|Win32
		{193A672E-94EB-4B77-83B7-42D8EA16E853}.Release|x86.ActiveCfg = Release|Win32
		{193A672E-94EB-4B77-83B7-42D8EA16E853}.Release|x86.Build.0 = Release|Win32
		{CB9D0AA4-D3F8-4A0C-A9F0-5C09A5407907}.Debug|Any CPU.ActiveCfg = Debug|Win32
		{CB9D0AA4-D3F8-4A0C-A9F0-5C09A5407907}.Debug|Any CPU.Build.0 = Debug|Win32
		{CB9D0AA4-D3F8-4A0C-A9F0-5C09A5407907}.Debug|x64.ActiveCfg = Debug|Win32
		{CB9D0AA4-D3F8-4A0C-A9F0-5C09A5407907}.Debug|x64.Build.0 = Debug|Win32
		{CB9D0AA4-D3F8-4A0C-A9F0-5C09A5407907}.Debug|x86.ActiveCfg = Debug|Win32
		{CB9D0AA4-D3F8-4A0C-A9F0-5C09A5407907}.Debug|x86.Build.0 = Debug|Win32
		{CB9D0AA4-D3F8-4A0C-A9F0-5C09A5407907}.Release|Any CPU.ActiveCfg = Release|Win32
		{CB9D0AA4-D3F8-4A0C-A9F0-5C09A5407907}.Release|Any CPU.Build.0 = Release|Win32
		{CB9D0AA4-D3F8-4A0C-A9F0-5C09A5407907}.Release|x64.ActiveCfg = Release|Win32
		{CB9D0AA4-D3F8-4A0C-A9F0-5C09A5407907}.Release|x64.Build.0 = Release|Win32
		{CB9D0AA4-D3F8-4A0C-A9F0-5C09A5407907}.Release|x86.ActiveCfg = Release|Win32
		{CB9D0AA4-D3F8-4A0C-A9F0-5C09A5407907}.Release|x86.Build.0 = Release|Win32
	EndGlobalSection
	GlobalSection(SolutionProperties) = preSolution
		HideSolutionNode = FALSE
	EndGlobalSection
	GlobalSection(NestedProjects) = preSolution
		{09CE6CB0-5E27-47B4-925E-9B7B93668DAB} = {960AC963-E95D-4FC7-98D2-58093CD260C9}
		{E893402D-B556-4488-85B4-6237EE8ADF61} = {960AC963-E95D-4FC7-98D2-58093CD260C9}
		{88BCD96E-3167-4015-8764-F296C8076EE0} = {960AC963-E95D-4FC7-98D2-58093CD260C9}
		{C5F80730-F44F-4478-BDAE-6634EFC2CA88} = {7EA945F3-D5D6-4996-91D7-FA30C2E4A2FC}
		{4B504505-4E7A-4B16-AEB8-DDED8D81916B} = {7EA945F3-D5D6-4996-91D7-FA30C2E4A2FC}
		{0CF8C052-AEE4-4D13-8FDB-BC92A3FA3CDE} = {960AC963-E95D-4FC7-98D2-58093CD260C9}
		{9555BD08-D438-46C9-90DB-651CA8668D68} = {461E1F64-4B28-40BD-9A8F-2E41DECC2582}
		{6D2856A6-3678-4327-948D-F170915591DF} = {AFC27454-73C4-49CC-8C42-14D90C7705CE}
		{426EF248-BFBC-498E-A944-E7660A4C499B} = {F4554A4F-9291-4EB2-A727-EACFA7BF24BC}
		{F44C4BC6-596B-4905-8CFD-9978AA1072A7} = {960AC963-E95D-4FC7-98D2-58093CD260C9}
		{7A4FF9ED-09A3-4064-A162-E2688B7C3359} = {489EE24B-56B3-4D5D-A65F-3319D0F9E164}
		{193A672E-94EB-4B77-83B7-42D8EA16E853} = {7A4FF9ED-09A3-4064-A162-E2688B7C3359}
		{CB9D0AA4-D3F8-4A0C-A9F0-5C09A5407907} = {7A4FF9ED-09A3-4064-A162-E2688B7C3359}
		{461E1F64-4B28-40BD-9A8F-2E41DECC2582} = {70736A8E-AC86-44D0-A41C-0E5CAA83908A}
		{AFC27454-73C4-49CC-8C42-14D90C7705CE} = {70736A8E-AC86-44D0-A41C-0E5CAA83908A}
		{439A4730-B9DD-4D36-90C1-9CB7CE5DE23F} = {70736A8E-AC86-44D0-A41C-0E5CAA83908A}
		{F4554A4F-9291-4EB2-A727-EACFA7BF24BC} = {439A4730-B9DD-4D36-90C1-9CB7CE5DE23F}
		{9502D1CC-E1A4-470F-A6A1-BA3EFFA055CB} = {439A4730-B9DD-4D36-90C1-9CB7CE5DE23F}
		{9C1520CC-21A0-400A-83FD-0D9940184B84} = {70736A8E-AC86-44D0-A41C-0E5CAA83908A}
	EndGlobalSection
	GlobalSection(ExtensibilityGlobals) = postSolution
		SolutionGuid = {89CBFD6B-35EB-4C41-8732-75553F226906}
	EndGlobalSection
EndGlobal
