
Microsoft Visual Studio Solution File, Format Version 12.00
# Visual Studio Version 17
VisualStudioVersion = 17.0.31717.71
MinimumVisualStudioVersion = 10.0.40219.1
Project("{2150E333-8FDC-42A3-9474-1A3956D46DE8}") = "Reference", "Reference", "{7EA945F3-D5D6-4996-91D7-FA30C2E4A2FC}"
	ProjectSection(SolutionItems) = preProject
		Reference\Icons\014_-_Lathe-512.ico = Reference\Icons\014_-_Lathe-512.ico
		Reference\Icons\307-3078351_certificate-icon-png-transparent-png.ico = Reference\Icons\307-3078351_certificate-icon-png-transparent-png.ico
		Reference\Assembly-CSharp-firstpass.dll = Reference\Assembly-CSharp-firstpass.dll
		Reference\Assembly-CSharp.dll = Reference\Assembly-CSharp.dll
		Reference\SerialPort.dll = Reference\SerialPort.dll
		Reference\UnityEngine.CoreModule.dll = Reference\UnityEngine.CoreModule.dll
		Reference\UnityEngine.dll = Reference\UnityEngine.dll
		Reference\UnityEngine.UI.dll = Reference\UnityEngine.UI.dll
		Reference\Icons\wrench-icon.ico = Reference\Icons\wrench-icon.ico
	EndProjectSection
EndProject
Project("{2150E333-8FDC-42A3-9474-1A3956D46DE8}") = "Libraries", "Libraries", "{960AC963-E95D-4FC7-98D2-58093CD260C9}"
EndProject
Project("{2150E333-8FDC-42A3-9474-1A3956D46DE8}") = "Testing", "Testing", "{70736A8E-AC86-44D0-A41C-0E5CAA83908A}"
EndProject
Project("{8BC9CEB8-8B4A-11D0-8D11-00A0C91BC942}") = "Nars Arduino Libraries", "Libraries\Nars-Arduino-Libraries\Nars-Arduino-Libraries.vcxitems", "{09CE6CB0-5E27-47B4-925E-9B7B93668DAB}"
EndProject
Project("{FAE04EC0-301F-11D3-BF4B-00C04F79EFBC}") = "Nars Libraries Framework45", "Libraries\Nars-Libraries-Framework45\Nars Libraries Framework45.csproj", "{E893402D-B556-4488-85B4-6237EE8ADF61}"
EndProject
Project("{FAE04EC0-301F-11D3-BF4B-00C04F79EFBC}") = "Nars Libraries Framework48", "Libraries\Nars-Libraries-Framework48\Nars Libraries Framework48.csproj", "{88BCD96E-3167-4015-8764-F296C8076EE0}"
EndProject
Project("{8BC9CEB8-8B4A-11D0-8D11-00A0C91BC942}") = "Empty Arduino", "Reference\Empty Arduino\Empty Arduino.vcxproj", "{C5F80730-F44F-4478-BDAE-6634EFC2CA88}"
EndProject
Project("{8BC9CEB8-8B4A-11D0-8D11-00A0C91BC942}") = "Empty C++", "Reference\Empty C++\Empty C++.vcxproj", "{4B504505-4E7A-4B16-AEB8-DDED8D81916B}"
EndProject
Project("{888888A0-9F3D-457C-B088-3A5042F75D52}") = "Nars Python Libraries3.9", "Libraries\Nars-Python-Libraries\Nars Python Libraries3.9.pyproj", "{0CF8C052-AEE4-4D13-8FDB-BC92A3FA3CDE}"
EndProject
Project("{2150E333-8FDC-42A3-9474-1A3956D46DE8}") = "Solution Items", "Solution Items", "{F15CC078-B1DA-40FA-B170-F3A8D05A0AA9}"
	ProjectSection(SolutionItems) = preProject
		ArduinoRelease.bat = ArduinoRelease.bat
		Notes.txt = Notes.txt
	EndProjectSection
EndProject
Project("{8BC9CEB8-8B4A-11D0-8D11-00A0C91BC942}") = "Nars C++ Shared Libraries", "Libraries\Nars-C++-Shared-Libraries\Nars-C++-Shared-Libraries.vcxitems", "{F44C4BC6-596B-4905-8CFD-9978AA1072A7}"
EndProject
Project("{2150E333-8FDC-42A3-9474-1A3956D46DE8}") = ".NET Libraries Test Folder", ".NET Libraries Test Folder", "{989BF711-A8BA-4424-8057-5B0A2E5963E3}"
EndProject
Project("{2150E333-8FDC-42A3-9474-1A3956D46DE8}") = "Arduino Libraries Test Folder", "Arduino Libraries Test Folder", "{8546D18C-95B1-4092-A4E6-E1ECCEEF2DDD}"
EndProject
Project("{2150E333-8FDC-42A3-9474-1A3956D46DE8}") = "C++ Libraries Test Folder", "C++ Libraries Test Folder", "{2CEE5724-51D1-4573-80CB-32C4F70A26C4}"
EndProject
Project("{2150E333-8FDC-42A3-9474-1A3956D46DE8}") = "Python Libraries Test Folder", "Python Libraries Test Folder", "{A562EE39-D881-4F07-818A-89AEDE4F7F50}"
EndProject
Project("{2150E333-8FDC-42A3-9474-1A3956D46DE8}") = "4,5", "4,5", "{DF5F0993-A48E-4726-BB5B-AD082699CBF5}"
EndProject
Project("{2150E333-8FDC-42A3-9474-1A3956D46DE8}") = "4,8", "4,8", "{DBDEC1FA-E3A3-4B92-9205-7CF8C5AE683F}"
	ProjectSection(SolutionItems) = preProject
		Testing\.NET Test Folder\4,8\Framework 48 Library Tests\Framework 48 Library Tests.csproj = Testing\.NET Test Folder\4,8\Framework 48 Library Tests\Framework 48 Library Tests.csproj
	EndProjectSection
EndProject
Project("{FAE04EC0-301F-11D3-BF4B-00C04F79EFBC}") = "KSP Tests", "Testing\.NET Test Folder\4,5\KSP NarsSerialCom Test\KSP Tests.csproj", "{8C0DC543-D98B-4A58-8745-EE14E81A9A5C}"
EndProject
Project("{888888A0-9F3D-457C-B088-3A5042F75D52}") = "Python Tests", "Testing\Python Libraries Test Folder\Python Test\Python Tests.pyproj", "{6D6680DE-BB24-4995-98BC-982F22F49AB5}"
EndProject
Project("{2150E333-8FDC-42A3-9474-1A3956D46DE8}") = "NarsWireCom Test Folder", "NarsWireCom Test Folder", "{DF266890-5D06-46EB-80AB-B4B9E7E924C3}"
EndProject
Project("{8BC9CEB8-8B4A-11D0-8D11-00A0C91BC942}") = "NarsSerialCom_Test", "Testing\Arduino Libraries Test Folder\NarsSerialCom_Test\NarsSerialCom_Test.vcxproj", "{990CBAB7-B2FC-4D57-87A4-6975B4B3747F}"
EndProject
Project("{8BC9CEB8-8B4A-11D0-8D11-00A0C91BC942}") = "WireHost_Test", "Testing\Arduino Libraries Test Folder\NarsWireCom Test Folder\WireHost_Test\WireHost_Test.vcxproj", "{A6276C1A-6CDB-40C2-8449-47A36F9501B0}"
EndProject
Project("{8BC9CEB8-8B4A-11D0-8D11-00A0C91BC942}") = "WireClient_Test", "Testing\Arduino Libraries Test Folder\NarsWireCom Test Folder\WireClient_Test\WireClient_Test.vcxproj", "{C6DAB17D-5768-4CA8-A2E6-E7BF1C0A13E0}"
EndProject
Project("{8BC9CEB8-8B4A-11D0-8D11-00A0C91BC942}") = "WireHostLite_Test", "Testing\Arduino Libraries Test Folder\NarsWireCom Test Folder\WireHostLite_Test\WireHostLite_Test.vcxproj", "{2E28E225-A449-4C48-9FB8-9B357618229D}"
EndProject
Project("{2150E333-8FDC-42A3-9474-1A3956D46DE8}") = "Examples", "Examples", "{1CAE6000-4E70-4278-A58A-F2F21BB9E450}"
EndProject
Project("{2150E333-8FDC-42A3-9474-1A3956D46DE8}") = "Arduino", "Arduino", "{C09AC3BF-1001-4628-9E08-8BDEB00D00AF}"
EndProject
Project("{8BC9CEB8-8B4A-11D0-8D11-00A0C91BC942}") = "PushToggle", "Examples\Arduino Examples\PushToggle\PushToggle.vcxproj", "{193A672E-94EB-4B77-83B7-42D8EA16E853}"
EndProject
Project("{8BC9CEB8-8B4A-11D0-8D11-00A0C91BC942}") = "Push", "Examples\Arduino Examples\Push\Push.vcxproj", "{F7791ED2-BDE0-4AB3-BB74-924058683BE8}"
EndProject
Global
	GlobalSection(SharedMSBuildProjectFiles) = preSolution
		Libraries\Nars-Arduino-Libraries\Nars-Arduino-Libraries.vcxitems*{09ce6cb0-5e27-47b4-925e-9b7b93668dab}*SharedItemsImports = 9
		Libraries\Nars-Arduino-Libraries\Nars-Arduino-Libraries.vcxitems*{2e28e225-a449-4c48-9fb8-9b357618229d}*SharedItemsImports = 4
		Libraries\Nars-Arduino-Libraries\Nars-Arduino-Libraries.vcxitems*{990cbab7-b2fc-4d57-87a4-6975b4b3747f}*SharedItemsImports = 4
		Libraries\Nars-Arduino-Libraries\Nars-Arduino-Libraries.vcxitems*{a6276c1a-6cdb-40c2-8449-47a36f9501b0}*SharedItemsImports = 4
		Libraries\Nars-Arduino-Libraries\Nars-Arduino-Libraries.vcxitems*{c5f80730-f44f-4478-bdae-6634efc2ca88}*SharedItemsImports = 4
		Libraries\Nars-Arduino-Libraries\Nars-Arduino-Libraries.vcxitems*{c6dab17d-5768-4ca8-a2e6-e7bf1c0a13e0}*SharedItemsImports = 4
		Libraries\Nars-C++-Shared-Libraries\Nars-C++-Shared-Libraries.vcxitems*{f44c4bc6-596b-4905-8cfd-9978aa1072a7}*SharedItemsImports = 9
	EndGlobalSection
	GlobalSection(SolutionConfigurationPlatforms) = preSolution
		Debug|Any CPU = Debug|Any CPU
		Debug|x64 = Debug|x64
		Debug|x86 = Debug|x86
		Release|Any CPU = Release|Any CPU
		Release|x64 = Release|x64
		Release|x86 = Release|x86
	EndGlobalSection
	GlobalSection(ProjectConfigurationPlatforms) = postSolution
		{E893402D-B556-4488-85B4-6237EE8ADF61}.Debug|Any CPU.ActiveCfg = Debug|Any CPU
		{E893402D-B556-4488-85B4-6237EE8ADF61}.Debug|Any CPU.Build.0 = Debug|Any CPU
		{E893402D-B556-4488-85B4-6237EE8ADF61}.Debug|x64.ActiveCfg = Debug|Any CPU
		{E893402D-B556-4488-85B4-6237EE8ADF61}.Debug|x64.Build.0 = Debug|Any CPU
		{E893402D-B556-4488-85B4-6237EE8ADF61}.Debug|x86.ActiveCfg = Debug|Any CPU
		{E893402D-B556-4488-85B4-6237EE8ADF61}.Debug|x86.Build.0 = Debug|Any CPU
		{E893402D-B556-4488-85B4-6237EE8ADF61}.Release|Any CPU.ActiveCfg = Release|Any CPU
		{E893402D-B556-4488-85B4-6237EE8ADF61}.Release|Any CPU.Build.0 = Release|Any CPU
		{E893402D-B556-4488-85B4-6237EE8ADF61}.Release|x64.ActiveCfg = Release|Any CPU
		{E893402D-B556-4488-85B4-6237EE8ADF61}.Release|x64.Build.0 = Release|Any CPU
		{E893402D-B556-4488-85B4-6237EE8ADF61}.Release|x86.ActiveCfg = Release|Any CPU
		{E893402D-B556-4488-85B4-6237EE8ADF61}.Release|x86.Build.0 = Release|Any CPU
		{88BCD96E-3167-4015-8764-F296C8076EE0}.Debug|Any CPU.ActiveCfg = Debug|Any CPU
		{88BCD96E-3167-4015-8764-F296C8076EE0}.Debug|Any CPU.Build.0 = Debug|Any CPU
		{88BCD96E-3167-4015-8764-F296C8076EE0}.Debug|x64.ActiveCfg = Debug|Any CPU
		{88BCD96E-3167-4015-8764-F296C8076EE0}.Debug|x64.Build.0 = Debug|Any CPU
		{88BCD96E-3167-4015-8764-F296C8076EE0}.Debug|x86.ActiveCfg = Debug|Any CPU
		{88BCD96E-3167-4015-8764-F296C8076EE0}.Debug|x86.Build.0 = Debug|Any CPU
		{88BCD96E-3167-4015-8764-F296C8076EE0}.Release|Any CPU.ActiveCfg = Release|Any CPU
		{88BCD96E-3167-4015-8764-F296C8076EE0}.Release|Any CPU.Build.0 = Release|Any CPU
		{88BCD96E-3167-4015-8764-F296C8076EE0}.Release|x64.ActiveCfg = Release|Any CPU
		{88BCD96E-3167-4015-8764-F296C8076EE0}.Release|x64.Build.0 = Release|Any CPU
		{88BCD96E-3167-4015-8764-F296C8076EE0}.Release|x86.ActiveCfg = Release|Any CPU
		{88BCD96E-3167-4015-8764-F296C8076EE0}.Release|x86.Build.0 = Release|Any CPU
		{C5F80730-F44F-4478-BDAE-6634EFC2CA88}.Debug|Any CPU.ActiveCfg = Debug|Win32
		{C5F80730-F44F-4478-BDAE-6634EFC2CA88}.Debug|x64.ActiveCfg = Debug|Win32
		{C5F80730-F44F-4478-BDAE-6634EFC2CA88}.Debug|x86.ActiveCfg = Debug|Win32
		{C5F80730-F44F-4478-BDAE-6634EFC2CA88}.Debug|x86.Build.0 = Debug|Win32
		{C5F80730-F44F-4478-BDAE-6634EFC2CA88}.Release|Any CPU.ActiveCfg = Release|Win32
		{C5F80730-F44F-4478-BDAE-6634EFC2CA88}.Release|x64.ActiveCfg = Release|Win32
		{C5F80730-F44F-4478-BDAE-6634EFC2CA88}.Release|x86.ActiveCfg = Release|Win32
		{C5F80730-F44F-4478-BDAE-6634EFC2CA88}.Release|x86.Build.0 = Release|Win32
		{4B504505-4E7A-4B16-AEB8-DDED8D81916B}.Debug|Any CPU.ActiveCfg = Debug|Win32
		{4B504505-4E7A-4B16-AEB8-DDED8D81916B}.Debug|x64.ActiveCfg = Debug|x64
		{4B504505-4E7A-4B16-AEB8-DDED8D81916B}.Debug|x64.Build.0 = Debug|x64
		{4B504505-4E7A-4B16-AEB8-DDED8D81916B}.Debug|x86.ActiveCfg = Debug|Win32
		{4B504505-4E7A-4B16-AEB8-DDED8D81916B}.Debug|x86.Build.0 = Debug|Win32
		{4B504505-4E7A-4B16-AEB8-DDED8D81916B}.Release|Any CPU.ActiveCfg = Release|Win32
		{4B504505-4E7A-4B16-AEB8-DDED8D81916B}.Release|x64.ActiveCfg = Release|x64
		{4B504505-4E7A-4B16-AEB8-DDED8D81916B}.Release|x64.Build.0 = Release|x64
		{4B504505-4E7A-4B16-AEB8-DDED8D81916B}.Release|x86.ActiveCfg = Release|Win32
		{4B504505-4E7A-4B16-AEB8-DDED8D81916B}.Release|x86.Build.0 = Release|Win32
		{0CF8C052-AEE4-4D13-8FDB-BC92A3FA3CDE}.Debug|Any CPU.ActiveCfg = Debug|Any CPU
		{0CF8C052-AEE4-4D13-8FDB-BC92A3FA3CDE}.Debug|x64.ActiveCfg = Debug|Any CPU
		{0CF8C052-AEE4-4D13-8FDB-BC92A3FA3CDE}.Debug|x86.ActiveCfg = Debug|Any CPU
		{0CF8C052-AEE4-4D13-8FDB-BC92A3FA3CDE}.Release|Any CPU.ActiveCfg = Release|Any CPU
		{0CF8C052-AEE4-4D13-8FDB-BC92A3FA3CDE}.Release|x64.ActiveCfg = Release|Any CPU
		{0CF8C052-AEE4-4D13-8FDB-BC92A3FA3CDE}.Release|x86.ActiveCfg = Release|Any CPU
		{8C0DC543-D98B-4A58-8745-EE14E81A9A5C}.Debug|Any CPU.ActiveCfg = Debug|Any CPU
		{8C0DC543-D98B-4A58-8745-EE14E81A9A5C}.Debug|Any CPU.Build.0 = Debug|Any CPU
		{8C0DC543-D98B-4A58-8745-EE14E81A9A5C}.Debug|x64.ActiveCfg = Debug|Any CPU
		{8C0DC543-D98B-4A58-8745-EE14E81A9A5C}.Debug|x64.Build.0 = Debug|Any CPU
		{8C0DC543-D98B-4A58-8745-EE14E81A9A5C}.Debug|x86.ActiveCfg = Debug|Any CPU
		{8C0DC543-D98B-4A58-8745-EE14E81A9A5C}.Debug|x86.Build.0 = Debug|Any CPU
		{8C0DC543-D98B-4A58-8745-EE14E81A9A5C}.Release|Any CPU.ActiveCfg = Release|Any CPU
		{8C0DC543-D98B-4A58-8745-EE14E81A9A5C}.Release|Any CPU.Build.0 = Release|Any CPU
		{8C0DC543-D98B-4A58-8745-EE14E81A9A5C}.Release|x64.ActiveCfg = Release|Any CPU
		{8C0DC543-D98B-4A58-8745-EE14E81A9A5C}.Release|x64.Build.0 = Release|Any CPU
		{8C0DC543-D98B-4A58-8745-EE14E81A9A5C}.Release|x86.ActiveCfg = Release|Any CPU
		{8C0DC543-D98B-4A58-8745-EE14E81A9A5C}.Release|x86.Build.0 = Release|Any CPU
		{6D6680DE-BB24-4995-98BC-982F22F49AB5}.Debug|Any CPU.ActiveCfg = Debug|Any CPU
		{6D6680DE-BB24-4995-98BC-982F22F49AB5}.Debug|x64.ActiveCfg = Debug|Any CPU
		{6D6680DE-BB24-4995-98BC-982F22F49AB5}.Debug|x86.ActiveCfg = Debug|Any CPU
		{6D6680DE-BB24-4995-98BC-982F22F49AB5}.Release|Any CPU.ActiveCfg = Release|Any CPU
		{6D6680DE-BB24-4995-98BC-982F22F49AB5}.Release|x64.ActiveCfg = Release|Any CPU
		{6D6680DE-BB24-4995-98BC-982F22F49AB5}.Release|x86.ActiveCfg = Release|Any CPU
		{990CBAB7-B2FC-4D57-87A4-6975B4B3747F}.Debug|Any CPU.ActiveCfg = Debug|Win32
		{990CBAB7-B2FC-4D57-87A4-6975B4B3747F}.Debug|Any CPU.Build.0 = Debug|Win32
		{990CBAB7-B2FC-4D57-87A4-6975B4B3747F}.Debug|x64.ActiveCfg = Debug|Win32
		{990CBAB7-B2FC-4D57-87A4-6975B4B3747F}.Debug|x64.Build.0 = Debug|Win32
		{990CBAB7-B2FC-4D57-87A4-6975B4B3747F}.Debug|x86.ActiveCfg = Debug|Win32
		{990CBAB7-B2FC-4D57-87A4-6975B4B3747F}.Debug|x86.Build.0 = Debug|Win32
		{990CBAB7-B2FC-4D57-87A4-6975B4B3747F}.Release|Any CPU.ActiveCfg = Release|Win32
		{990CBAB7-B2FC-4D57-87A4-6975B4B3747F}.Release|Any CPU.Build.0 = Release|Win32
		{990CBAB7-B2FC-4D57-87A4-6975B4B3747F}.Release|x64.ActiveCfg = Release|Win32
		{990CBAB7-B2FC-4D57-87A4-6975B4B3747F}.Release|x64.Build.0 = Release|Win32
		{990CBAB7-B2FC-4D57-87A4-6975B4B3747F}.Release|x86.ActiveCfg = Release|Win32
		{990CBAB7-B2FC-4D57-87A4-6975B4B3747F}.Release|x86.Build.0 = Release|Win32
		{A6276C1A-6CDB-40C2-8449-47A36F9501B0}.Debug|Any CPU.ActiveCfg = Debug|Win32
		{A6276C1A-6CDB-40C2-8449-47A36F9501B0}.Debug|Any CPU.Build.0 = Debug|Win32
		{A6276C1A-6CDB-40C2-8449-47A36F9501B0}.Debug|x64.ActiveCfg = Debug|Win32
		{A6276C1A-6CDB-40C2-8449-47A36F9501B0}.Debug|x64.Build.0 = Debug|Win32
		{A6276C1A-6CDB-40C2-8449-47A36F9501B0}.Debug|x86.ActiveCfg = Debug|Win32
		{A6276C1A-6CDB-40C2-8449-47A36F9501B0}.Debug|x86.Build.0 = Debug|Win32
		{A6276C1A-6CDB-40C2-8449-47A36F9501B0}.Release|Any CPU.ActiveCfg = Release|Win32
		{A6276C1A-6CDB-40C2-8449-47A36F9501B0}.Release|Any CPU.Build.0 = Release|Win32
		{A6276C1A-6CDB-40C2-8449-47A36F9501B0}.Release|x64.ActiveCfg = Release|Win32
		{A6276C1A-6CDB-40C2-8449-47A36F9501B0}.Release|x64.Build.0 = Release|Win32
		{A6276C1A-6CDB-40C2-8449-47A36F9501B0}.Release|x86.ActiveCfg = Release|Win32
		{A6276C1A-6CDB-40C2-8449-47A36F9501B0}.Release|x86.Build.0 = Release|Win32
		{C6DAB17D-5768-4CA8-A2E6-E7BF1C0A13E0}.Debug|Any CPU.ActiveCfg = Debug|Win32
		{C6DAB17D-5768-4CA8-A2E6-E7BF1C0A13E0}.Debug|Any CPU.Build.0 = Debug|Win32
		{C6DAB17D-5768-4CA8-A2E6-E7BF1C0A13E0}.Debug|x64.ActiveCfg = Debug|Win32
		{C6DAB17D-5768-4CA8-A2E6-E7BF1C0A13E0}.Debug|x64.Build.0 = Debug|Win32
		{C6DAB17D-5768-4CA8-A2E6-E7BF1C0A13E0}.Debug|x86.ActiveCfg = Debug|Win32
		{C6DAB17D-5768-4CA8-A2E6-E7BF1C0A13E0}.Debug|x86.Build.0 = Debug|Win32
		{C6DAB17D-5768-4CA8-A2E6-E7BF1C0A13E0}.Release|Any CPU.ActiveCfg = Release|Win32
		{C6DAB17D-5768-4CA8-A2E6-E7BF1C0A13E0}.Release|Any CPU.Build.0 = Release|Win32
		{C6DAB17D-5768-4CA8-A2E6-E7BF1C0A13E0}.Release|x64.ActiveCfg = Release|Win32
		{C6DAB17D-5768-4CA8-A2E6-E7BF1C0A13E0}.Release|x64.Build.0 = Release|Win32
		{C6DAB17D-5768-4CA8-A2E6-E7BF1C0A13E0}.Release|x86.ActiveCfg = Release|Win32
		{C6DAB17D-5768-4CA8-A2E6-E7BF1C0A13E0}.Release|x86.Build.0 = Release|Win32
		{2E28E225-A449-4C48-9FB8-9B357618229D}.Debug|Any CPU.ActiveCfg = Debug|Win32
		{2E28E225-A449-4C48-9FB8-9B357618229D}.Debug|Any CPU.Build.0 = Debug|Win32
		{2E28E225-A449-4C48-9FB8-9B357618229D}.Debug|x64.ActiveCfg = Debug|Win32
		{2E28E225-A449-4C48-9FB8-9B357618229D}.Debug|x64.Build.0 = Debug|Win32
		{2E28E225-A449-4C48-9FB8-9B357618229D}.Debug|x86.ActiveCfg = Debug|Win32
		{2E28E225-A449-4C48-9FB8-9B357618229D}.Debug|x86.Build.0 = Debug|Win32
		{2E28E225-A449-4C48-9FB8-9B357618229D}.Release|Any CPU.ActiveCfg = Release|Win32
		{2E28E225-A449-4C48-9FB8-9B357618229D}.Release|Any CPU.Build.0 = Release|Win32
		{2E28E225-A449-4C48-9FB8-9B357618229D}.Release|x64.ActiveCfg = Release|Win32
		{2E28E225-A449-4C48-9FB8-9B357618229D}.Release|x64.Build.0 = Release|Win32
		{2E28E225-A449-4C48-9FB8-9B357618229D}.Release|x86.ActiveCfg = Release|Win32
		{2E28E225-A449-4C48-9FB8-9B357618229D}.Release|x86.Build.0 = Release|Win32
		{193A672E-94EB-4B77-83B7-42D8EA16E853}.Debug|Any CPU.ActiveCfg = Debug|Win32
		{193A672E-94EB-4B77-83B7-42D8EA16E853}.Debug|Any CPU.Build.0 = Debug|Win32
		{193A672E-94EB-4B77-83B7-42D8EA16E853}.Debug|x64.ActiveCfg = Debug|Win32
		{193A672E-94EB-4B77-83B7-42D8EA16E853}.Debug|x64.Build.0 = Debug|Win32
		{193A672E-94EB-4B77-83B7-42D8EA16E853}.Debug|x86.ActiveCfg = Debug|Win32
		{193A672E-94EB-4B77-83B7-42D8EA16E853}.Debug|x86.Build.0 = Debug|Win32
		{193A672E-94EB-4B77-83B7-42D8EA16E853}.Release|Any CPU.ActiveCfg = Release|Win32
		{193A672E-94EB-4B77-83B7-42D8EA16E853}.Release|Any CPU.Build.0 = Release|Win32
		{193A672E-94EB-4B77-83B7-42D8EA16E853}.Release|x64.ActiveCfg = Release|Win32
		{193A672E-94EB-4B77-83B7-42D8EA16E853}.Release|x64.Build.0 = Release|Win32
		{193A672E-94EB-4B77-83B7-42D8EA16E853}.Release|x86.ActiveCfg = Release|Win32
		{193A672E-94EB-4B77-83B7-42D8EA16E853}.Release|x86.Build.0 = Release|Win32
		{F7791ED2-BDE0-4AB3-BB74-924058683BE8}.Debug|Any CPU.ActiveCfg = Debug|Win32
		{F7791ED2-BDE0-4AB3-BB74-924058683BE8}.Debug|Any CPU.Build.0 = Debug|Win32
		{F7791ED2-BDE0-4AB3-BB74-924058683BE8}.Debug|x64.ActiveCfg = Debug|Win32
		{F7791ED2-BDE0-4AB3-BB74-924058683BE8}.Debug|x64.Build.0 = Debug|Win32
		{F7791ED2-BDE0-4AB3-BB74-924058683BE8}.Debug|x86.ActiveCfg = Debug|Win32
		{F7791ED2-BDE0-4AB3-BB74-924058683BE8}.Debug|x86.Build.0 = Debug|Win32
		{F7791ED2-BDE0-4AB3-BB74-924058683BE8}.Release|Any CPU.ActiveCfg = Release|Win32
		{F7791ED2-BDE0-4AB3-BB74-924058683BE8}.Release|Any CPU.Build.0 = Release|Win32
		{F7791ED2-BDE0-4AB3-BB74-924058683BE8}.Release|x64.ActiveCfg = Release|Win32
		{F7791ED2-BDE0-4AB3-BB74-924058683BE8}.Release|x64.Build.0 = Release|Win32
		{F7791ED2-BDE0-4AB3-BB74-924058683BE8}.Release|x86.ActiveCfg = Release|Win32
		{F7791ED2-BDE0-4AB3-BB74-924058683BE8}.Release|x86.Build.0 = Release|Win32
	EndGlobalSection
	GlobalSection(SolutionProperties) = preSolution
		HideSolutionNode = FALSE
	EndGlobalSection
	GlobalSection(NestedProjects) = preSolution
		{09CE6CB0-5E27-47B4-925E-9B7B93668DAB} = {960AC963-E95D-4FC7-98D2-58093CD260C9}
		{E893402D-B556-4488-85B4-6237EE8ADF61} = {960AC963-E95D-4FC7-98D2-58093CD260C9}
		{88BCD96E-3167-4015-8764-F296C8076EE0} = {960AC963-E95D-4FC7-98D2-58093CD260C9}
		{C5F80730-F44F-4478-BDAE-6634EFC2CA88} = {7EA945F3-D5D6-4996-91D7-FA30C2E4A2FC}
		{4B504505-4E7A-4B16-AEB8-DDED8D81916B} = {7EA945F3-D5D6-4996-91D7-FA30C2E4A2FC}
		{0CF8C052-AEE4-4D13-8FDB-BC92A3FA3CDE} = {960AC963-E95D-4FC7-98D2-58093CD260C9}
		{F44C4BC6-596B-4905-8CFD-9978AA1072A7} = {960AC963-E95D-4FC7-98D2-58093CD260C9}
		{989BF711-A8BA-4424-8057-5B0A2E5963E3} = {70736A8E-AC86-44D0-A41C-0E5CAA83908A}
		{8546D18C-95B1-4092-A4E6-E1ECCEEF2DDD} = {70736A8E-AC86-44D0-A41C-0E5CAA83908A}
		{2CEE5724-51D1-4573-80CB-32C4F70A26C4} = {70736A8E-AC86-44D0-A41C-0E5CAA83908A}
		{A562EE39-D881-4F07-818A-89AEDE4F7F50} = {70736A8E-AC86-44D0-A41C-0E5CAA83908A}
		{DF5F0993-A48E-4726-BB5B-AD082699CBF5} = {989BF711-A8BA-4424-8057-5B0A2E5963E3}
		{DBDEC1FA-E3A3-4B92-9205-7CF8C5AE683F} = {989BF711-A8BA-4424-8057-5B0A2E5963E3}
		{8C0DC543-D98B-4A58-8745-EE14E81A9A5C} = {DF5F0993-A48E-4726-BB5B-AD082699CBF5}
		{6D6680DE-BB24-4995-98BC-982F22F49AB5} = {A562EE39-D881-4F07-818A-89AEDE4F7F50}
		{DF266890-5D06-46EB-80AB-B4B9E7E924C3} = {8546D18C-95B1-4092-A4E6-E1ECCEEF2DDD}
		{990CBAB7-B2FC-4D57-87A4-6975B4B3747F} = {8546D18C-95B1-4092-A4E6-E1ECCEEF2DDD}
		{A6276C1A-6CDB-40C2-8449-47A36F9501B0} = {DF266890-5D06-46EB-80AB-B4B9E7E924C3}
		{C6DAB17D-5768-4CA8-A2E6-E7BF1C0A13E0} = {DF266890-5D06-46EB-80AB-B4B9E7E924C3}
		{2E28E225-A449-4C48-9FB8-9B357618229D} = {DF266890-5D06-46EB-80AB-B4B9E7E924C3}
		{C09AC3BF-1001-4628-9E08-8BDEB00D00AF} = {1CAE6000-4E70-4278-A58A-F2F21BB9E450}
		{193A672E-94EB-4B77-83B7-42D8EA16E853} = {C09AC3BF-1001-4628-9E08-8BDEB00D00AF}
		{F7791ED2-BDE0-4AB3-BB74-924058683BE8} = {C09AC3BF-1001-4628-9E08-8BDEB00D00AF}
	EndGlobalSection
	GlobalSection(ExtensibilityGlobals) = postSolution
		SolutionGuid = {89CBFD6B-35EB-4C41-8732-75553F226906}
	EndGlobalSection
EndGlobal
